<Solution>
  <Configurations>
    <Platform Name="Any CPU" />
    <Platform Name="x64" />
  </Configurations>
  <Folder Name="/apps/" />
  <Folder Name="/apps/admin/">
    <Project Path="apps/admin_api/AdminApi/AdminApi.csproj">
      <Platform Solution="*|x64" Project="x64" />
    </Project>
  </Folder>
  <Folder Name="/jobs/" />
  <Folder Name="/shared/" />
  <Folder Name="/shared/src/">
    <Project Path="shared/src/Application/Application.csproj">
      <Platform Solution="*|x64" Project="x64" />
    </Project>
    <Project Path="shared/src/Domain/Domain.csproj">
      <Platform Solution="*|x64" Project="x64" />
    </Project>
    <Project Path="shared/src/Infrastructure/Infrastructure.csproj">
      <Platform Solution="*|x64" Project="x64" />
    </Project>
    <Project Path="shared/src/Persistence/Persistence.csproj">
      <Platform Solution="*|x64" Project="x64" />
    </Project>
  </Folder>
  <Folder Name="/shared/tests/">
    <Project Path="shared/test/Application.UnitTests/Application.UnitTests.csproj">
      <Platform Solution="*|x64" Project="x64" />
    </Project>
    <Project Path="shared/test/Domain.UnitTests/Domain.UnitTests.csproj">
      <Platform Solution="*|x64" Project="x64" />
    </Project>
  </Folder>
</Solution>
